
Microsoft Visual Studio Solution File, Format Version 12.00
# Visual Studio Version 17
VisualStudioVersion = 17.0.31903.59
MinimumVisualStudioVersion = 10.0.40219.1
Project("{FAE04EC0-301F-11D3-BF4B-00C04F79EFBC}") = "Promos", "Promos\Promos.csproj", "{6117DF5E-25C8-48B6-8926-6BC639D5D7B1}"
EndProject
Global
	GlobalSection(SolutionConfigurationPlatforms) = preSolution
		Debug|Any CPU = Debug|Any CPU
		Release|Any CPU = Release|Any CPU
	EndGlobalSection
	GlobalSection(ProjectConfigurationPlatforms) = postSolution
		{6117DF5E-25C8-48B6-8926-6BC639D5D7B1}.Debug|Any CPU.ActiveCfg = Debug|Any CPU
		{6117DF5E-25C8-48B6-8926-6BC639D5D7B1}.Debug|Any CPU.Build.0 = Debug|Any CPU
		{6117DF5E-25C8-48B6-8926-6BC639D5D7B1}.Release|Any CPU.ActiveCfg = Release|Any CPU
		{6117DF5E-25C8-48B6-8926-6BC639D5D7B1}.Release|Any CPU.Build.0 = Release|Any CPU
	EndGlobalSection
	GlobalSection(SolutionProperties) = preSolution
		HideSolutionNode = FALSE
	EndGlobalSection
	GlobalSection(ExtensibilityGlobals) = postSolution
		SolutionGuid = {C15C9A5E-966D-4C90-86CD-F2B1A1D68F08}
	EndGlobalSection
EndGlobal
